
Microsoft Visual Studio Solution File, Format Version 12.00
# Visual Studio Express 2013 for Web
VisualStudioVersion = 12.0.21005.1
MinimumVisualStudioVersion = 10.0.40219.1
Project("{FAE04EC0-301F-11D3-BF4B-00C04F79EFBC}") = "Acceleration.Build", "Build\Acceleration.Build.csproj", "{249975FE-DCBF-402C-A9B6-E7E4C4220B65}"
EndProject
Project("{FAE04EC0-301F-11D3-BF4B-00C04F79EFBC}") = "Tests", "Tests\Tests.csproj", "{9C2BD67C-B300-4C86-8978-5A1A17AB80A1}"
EndProject
Project("{2150E333-8FDC-42A3-9474-1A3956D46DE8}") = ".nuget", ".nuget", "{1FF304C4-A409-4B9E-955A-332C5D36F45A}"
	ProjectSection(SolutionItems) = preProject
		.nuget\packages.config = .nuget\packages.config
	EndProjectSection
EndProject
Project("{FAE04EC0-301F-11D3-BF4B-00C04F79EFBC}") = "Acceleration.MappedReader", "Acceleration.MappedReader\Acceleration.MappedReader.csproj", "{D3601298-3B3D-4E6B-A9A5-1F3BD08B465A}"
EndProject
Project("{FAE04EC0-301F-11D3-BF4B-00C04F79EFBC}") = "Acceleration.Collections", "Acceleration.Collections\Acceleration.Collections.csproj", "{FF8AED0E-33CC-4A6A-9B20-98E2C33B38DD}"
EndProject
Project("{FAE04EC0-301F-11D3-BF4B-00C04F79EFBC}") = "Acceleration.Disposable", "Acceleration.Disposable\Acceleration.Disposable.csproj", "{5879F468-C67C-4C21-86DF-8B58A89FF816}"
EndProject
Project("{FAE04EC0-301F-11D3-BF4B-00C04F79EFBC}") = "Acceleration.Versioning", "Acceleration.Versioning\Acceleration.Versioning.csproj", "{C7571EE3-510E-49A8-980C-14D6BFB90A86}"
EndProject
Project("{FAE04EC0-301F-11D3-BF4B-00C04F79EFBC}") = "Acceleration.Enums", "Acceleration.Enums\Acceleration.Enums.csproj", "{67D7B08B-0D68-407B-86A9-D23A7CEDE863}"
EndProject
Global
	GlobalSection(SolutionConfigurationPlatforms) = preSolution
		Debug|Any CPU = Debug|Any CPU
		Release|Any CPU = Release|Any CPU
	EndGlobalSection
	GlobalSection(ProjectConfigurationPlatforms) = postSolution
		{249975FE-DCBF-402C-A9B6-E7E4C4220B65}.Debug|Any CPU.ActiveCfg = Debug|Any CPU
		{249975FE-DCBF-402C-A9B6-E7E4C4220B65}.Debug|Any CPU.Build.0 = Debug|Any CPU
		{249975FE-DCBF-402C-A9B6-E7E4C4220B65}.Release|Any CPU.ActiveCfg = Release|Any CPU
		{249975FE-DCBF-402C-A9B6-E7E4C4220B65}.Release|Any CPU.Build.0 = Release|Any CPU
		{9C2BD67C-B300-4C86-8978-5A1A17AB80A1}.Debug|Any CPU.ActiveCfg = Debug|Any CPU
		{9C2BD67C-B300-4C86-8978-5A1A17AB80A1}.Debug|Any CPU.Build.0 = Debug|Any CPU
		{9C2BD67C-B300-4C86-8978-5A1A17AB80A1}.Release|Any CPU.ActiveCfg = Release|Any CPU
		{9C2BD67C-B300-4C86-8978-5A1A17AB80A1}.Release|Any CPU.Build.0 = Release|Any CPU
		{D3601298-3B3D-4E6B-A9A5-1F3BD08B465A}.Debug|Any CPU.ActiveCfg = Debug|Any CPU
		{D3601298-3B3D-4E6B-A9A5-1F3BD08B465A}.Debug|Any CPU.Build.0 = Debug|Any CPU
		{D3601298-3B3D-4E6B-A9A5-1F3BD08B465A}.Release|Any CPU.ActiveCfg = Release|Any CPU
		{D3601298-3B3D-4E6B-A9A5-1F3BD08B465A}.Release|Any CPU.Build.0 = Release|Any CPU
		{FF8AED0E-33CC-4A6A-9B20-98E2C33B38DD}.Debug|Any CPU.ActiveCfg = Debug|Any CPU
		{FF8AED0E-33CC-4A6A-9B20-98E2C33B38DD}.Debug|Any CPU.Build.0 = Debug|Any CPU
		{FF8AED0E-33CC-4A6A-9B20-98E2C33B38DD}.Release|Any CPU.ActiveCfg = Release|Any CPU
		{FF8AED0E-33CC-4A6A-9B20-98E2C33B38DD}.Release|Any CPU.Build.0 = Release|Any CPU
		{5879F468-C67C-4C21-86DF-8B58A89FF816}.Debug|Any CPU.ActiveCfg = Debug|Any CPU
		{5879F468-C67C-4C21-86DF-8B58A89FF816}.Debug|Any CPU.Build.0 = Debug|Any CPU
		{5879F468-C67C-4C21-86DF-8B58A89FF816}.Release|Any CPU.ActiveCfg = Release|Any CPU
		{5879F468-C67C-4C21-86DF-8B58A89FF816}.Release|Any CPU.Build.0 = Release|Any CPU
		{C7571EE3-510E-49A8-980C-14D6BFB90A86}.Debug|Any CPU.ActiveCfg = Debug|Any CPU
		{C7571EE3-510E-49A8-980C-14D6BFB90A86}.Debug|Any CPU.Build.0 = Debug|Any CPU
		{C7571EE3-510E-49A8-980C-14D6BFB90A86}.Release|Any CPU.ActiveCfg = Release|Any CPU
		{C7571EE3-510E-49A8-980C-14D6BFB90A86}.Release|Any CPU.Build.0 = Release|Any CPU
		{67D7B08B-0D68-407B-86A9-D23A7CEDE863}.Debug|Any CPU.ActiveCfg = Debug|Any CPU
		{67D7B08B-0D68-407B-86A9-D23A7CEDE863}.Debug|Any CPU.Build.0 = Debug|Any CPU
		{67D7B08B-0D68-407B-86A9-D23A7CEDE863}.Release|Any CPU.ActiveCfg = Release|Any CPU
		{67D7B08B-0D68-407B-86A9-D23A7CEDE863}.Release|Any CPU.Build.0 = Release|Any CPU
	EndGlobalSection
	GlobalSection(SolutionProperties) = preSolution
		HideSolutionNode = FALSE
	EndGlobalSection
EndGlobal
